
Microsoft Visual Studio Solution File, Format Version 12.00
# Visual Studio Version 17
VisualStudioVersion = 17.8.34408.163
MinimumVisualStudioVersion = 10.0.40219.1
Project("{FAE04EC0-301F-11D3-BF4B-00C04F79EFBC}") = "1001", "1001\1001.csproj", "{4AF1E41C-688D-4495-B196-17A7E44121EB}"
EndProject
Global
	GlobalSection(SolutionConfigurationPlatforms) = preSolution
		Debug|Any CPU = Debug|Any CPU
		Release|Any CPU = Release|Any CPU
	EndGlobalSection
	GlobalSection(ProjectConfigurationPlatforms) = postSolution
		{4AF1E41C-688D-4495-B196-17A7E44121EB}.Debug|Any CPU.ActiveCfg = Debug|Any CPU
		{4AF1E41C-688D-4495-B196-17A7E44121EB}.Debug|Any CPU.Build.0 = Debug|Any CPU
		{4AF1E41C-688D-4495-B196-17A7E44121EB}.Release|Any CPU.ActiveCfg = Release|Any CPU
		{4AF1E41C-688D-4495-B196-17A7E44121EB}.Release|Any CPU.Build.0 = Release|Any CPU
	EndGlobalSection
	GlobalSection(SolutionProperties) = preSolution
		HideSolutionNode = FALSE
	EndGlobalSection
	GlobalSection(ExtensibilityGlobals) = postSolution
		SolutionGuid = {B33FDD61-E1FE-420F-9D64-60A445D44C61}
	EndGlobalSection
EndGlobal
